// !$*UTF8*$!
{
	archiveVersion = 1;
	classes = {
	};
	objectVersion = 46;
	objects = {

/* Begin PBXBuildFile section */
		B18722160A7F97D8C6B66BB8 /* libPods.a in Frameworks */ = {isa = PBXBuildFile; fileRef = B3CCDF242B9E2F5556824302 /* libPods.a */; };
		E6038F841A2CBC000063E1E3 /* main.m in Sources */ = {isa = PBXBuildFile; fileRef = E6038F831A2CBC000063E1E3 /* main.m */; };
		E6038F871A2CBC000063E1E3 /* AppDelegate.m in Sources */ = {isa = PBXBuildFile; fileRef = E6038F861A2CBC000063E1E3 /* AppDelegate.m */; };
		E6038F8A1A2CBC000063E1E3 /* CounterViewController.m in Sources */ = {isa = PBXBuildFile; fileRef = E6038F891A2CBC000063E1E3 /* CounterViewController.m */; };
		E6038F8D1A2CBC000063E1E3 /* Main.storyboard in Resources */ = {isa = PBXBuildFile; fileRef = E6038F8B1A2CBC000063E1E3 /* Main.storyboard */; };
		E6038F8F1A2CBC000063E1E3 /* Images.xcassets in Resources */ = {isa = PBXBuildFile; fileRef = E6038F8E1A2CBC000063E1E3 /* Images.xcassets */; };
		E6038F921A2CBC000063E1E3 /* LaunchScreen.xib in Resources */ = {isa = PBXBuildFile; fileRef = E6038F901A2CBC000063E1E3 /* LaunchScreen.xib */; };
		E6038F9E1A2CBC000063E1E3 /* _okuen_counterTests.m in Sources */ = {isa = PBXBuildFile; fileRef = E6038F9D1A2CBC000063E1E3 /* _okuen_counterTests.m */; };
		E63C8AB41A2CC7D400DA6B0E /* CounterView.m in Sources */ = {isa = PBXBuildFile; fileRef = E63C8AB31A2CC7D400DA6B0E /* CounterView.m */; };
		E63C8AB61A2DDE0B00DA6B0E /* Foundation.framework in Frameworks */ = {isa = PBXBuildFile; fileRef = E63C8AB51A2DDE0A00DA6B0E /* Foundation.framework */; };
		E65F6E641A3A0E36009351EB /* CoreMotion.framework in Frameworks */ = {isa = PBXBuildFile; fileRef = E65F6E631A3A0E36009351EB /* CoreMotion.framework */; };
		E65F6E671A3CA4BB009351EB /* WebResponseViewController.m in Sources */ = {isa = PBXBuildFile; fileRef = E65F6E661A3CA4BB009351EB /* WebResponseViewController.m */; };
		E65F6E6A1A3CA586009351EB /* WebResponseView.m in Sources */ = {isa = PBXBuildFile; fileRef = E65F6E691A3CA586009351EB /* WebResponseView.m */; };
		E6E12F601A39A6410063689B /* MotionViewController.m in Sources */ = {isa = PBXBuildFile; fileRef = E6E12F5F1A39A6410063689B /* MotionViewController.m */; };
		E6E12F631A39A6880063689B /* MotionView.m in Sources */ = {isa = PBXBuildFile; fileRef = E6E12F621A39A6880063689B /* MotionView.m */; };
/* End PBXBuildFile section */

/* Begin PBXContainerItemProxy section */
		E6038F981A2CBC000063E1E3 /* PBXContainerItemProxy */ = {
			isa = PBXContainerItemProxy;
			containerPortal = E6038F761A2CBBFF0063E1E3 /* Project object */;
			proxyType = 1;
			remoteGlobalIDString = E6038F7D1A2CBC000063E1E3;
			remoteInfo = 1okuen_counter;
		};
/* End PBXContainerItemProxy section */

/* Begin PBXFileReference section */
		1F11BDFF79D0E54DE5A92D27 /* Pods.release.xcconfig */ = {isa = PBXFileReference; includeInIndex = 1; lastKnownFileType = text.xcconfig; name = Pods.release.xcconfig; path = "Pods/Target Support Files/Pods/Pods.release.xcconfig"; sourceTree = "<group>"; };
		9FD30FD92D99489B3D256EEB /* Pods.debug.xcconfig */ = {isa = PBXFileReference; includeInIndex = 1; lastKnownFileType = text.xcconfig; name = Pods.debug.xcconfig; path = "Pods/Target Support Files/Pods/Pods.debug.xcconfig"; sourceTree = "<group>"; };
		B3CCDF242B9E2F5556824302 /* libPods.a */ = {isa = PBXFileReference; explicitFileType = archive.ar; includeInIndex = 0; path = libPods.a; sourceTree = BUILT_PRODUCTS_DIR; };
		E6038F7E1A2CBC000063E1E3 /* 1okuen_counter.app */ = {isa = PBXFileReference; explicitFileType = wrapper.application; includeInIndex = 0; path = 1okuen_counter.app; sourceTree = BUILT_PRODUCTS_DIR; };
		E6038F821A2CBC000063E1E3 /* Info.plist */ = {isa = PBXFileReference; lastKnownFileType = text.plist.xml; path = Info.plist; sourceTree = "<group>"; };
		E6038F831A2CBC000063E1E3 /* main.m */ = {isa = PBXFileReference; lastKnownFileType = sourcecode.c.objc; path = main.m; sourceTree = "<group>"; };
		E6038F851A2CBC000063E1E3 /* AppDelegate.h */ = {isa = PBXFileReference; lastKnownFileType = sourcecode.c.h; path = AppDelegate.h; sourceTree = "<group>"; };
		E6038F861A2CBC000063E1E3 /* AppDelegate.m */ = {isa = PBXFileReference; lastKnownFileType = sourcecode.c.objc; path = AppDelegate.m; sourceTree = "<group>"; };
		E6038F881A2CBC000063E1E3 /* CounterViewController.h */ = {isa = PBXFileReference; lastKnownFileType = sourcecode.c.h; path = CounterViewController.h; sourceTree = "<group>"; };
		E6038F891A2CBC000063E1E3 /* CounterViewController.m */ = {isa = PBXFileReference; lastKnownFileType = sourcecode.c.objc; path = CounterViewController.m; sourceTree = "<group>"; };
		E6038F8C1A2CBC000063E1E3 /* Base */ = {isa = PBXFileReference; lastKnownFileType = file.storyboard; name = Base; path = Base.lproj/Main.storyboard; sourceTree = "<group>"; };
		E6038F8E1A2CBC000063E1E3 /* Images.xcassets */ = {isa = PBXFileReference; lastKnownFileType = folder.assetcatalog; path = Images.xcassets; sourceTree = "<group>"; };
		E6038F911A2CBC000063E1E3 /* Base */ = {isa = PBXFileReference; lastKnownFileType = file.xib; name = Base; path = Base.lproj/LaunchScreen.xib; sourceTree = "<group>"; };
		E6038F971A2CBC000063E1E3 /* 1okuen_counterTests.xctest */ = {isa = PBXFileReference; explicitFileType = wrapper.cfbundle; includeInIndex = 0; path = 1okuen_counterTests.xctest; sourceTree = BUILT_PRODUCTS_DIR; };
		E6038F9C1A2CBC000063E1E3 /* Info.plist */ = {isa = PBXFileReference; lastKnownFileType = text.plist.xml; path = Info.plist; sourceTree = "<group>"; };
		E6038F9D1A2CBC000063E1E3 /* _okuen_counterTests.m */ = {isa = PBXFileReference; lastKnownFileType = sourcecode.c.objc; path = _okuen_counterTests.m; sourceTree = "<group>"; };
		E63C8AB21A2CC7D400DA6B0E /* CounterView.h */ = {isa = PBXFileReference; fileEncoding = 4; lastKnownFileType = sourcecode.c.h; path = CounterView.h; sourceTree = "<group>"; };
		E63C8AB31A2CC7D400DA6B0E /* CounterView.m */ = {isa = PBXFileReference; fileEncoding = 4; lastKnownFileType = sourcecode.c.objc; path = CounterView.m; sourceTree = "<group>"; };
		E63C8AB51A2DDE0A00DA6B0E /* Foundation.framework */ = {isa = PBXFileReference; lastKnownFileType = wrapper.framework; name = Foundation.framework; path = System/Library/Frameworks/Foundation.framework; sourceTree = SDKROOT; };
		E65F6E631A3A0E36009351EB /* CoreMotion.framework */ = {isa = PBXFileReference; lastKnownFileType = wrapper.framework; name = CoreMotion.framework; path = System/Library/Frameworks/CoreMotion.framework; sourceTree = SDKROOT; };
		E65F6E651A3CA4BB009351EB /* WebResponseViewController.h */ = {isa = PBXFileReference; fileEncoding = 4; lastKnownFileType = sourcecode.c.h; path = WebResponseViewController.h; sourceTree = "<group>"; };
		E65F6E661A3CA4BB009351EB /* WebResponseViewController.m */ = {isa = PBXFileReference; fileEncoding = 4; lastKnownFileType = sourcecode.c.objc; path = WebResponseViewController.m; sourceTree = "<group>"; };
		E65F6E681A3CA586009351EB /* WebResponseView.h */ = {isa = PBXFileReference; fileEncoding = 4; lastKnownFileType = sourcecode.c.h; path = WebResponseView.h; sourceTree = "<group>"; };
		E65F6E691A3CA586009351EB /* WebResponseView.m */ = {isa = PBXFileReference; fileEncoding = 4; lastKnownFileType = sourcecode.c.objc; path = WebResponseView.m; sourceTree = "<group>"; };
		E6E12F5E1A39A6410063689B /* MotionViewController.h */ = {isa = PBXFileReference; fileEncoding = 4; lastKnownFileType = sourcecode.c.h; path = MotionViewController.h; sourceTree = "<group>"; };
		E6E12F5F1A39A6410063689B /* MotionViewController.m */ = {isa = PBXFileReference; fileEncoding = 4; lastKnownFileType = sourcecode.c.objc; path = MotionViewController.m; sourceTree = "<group>"; };
		E6E12F611A39A6880063689B /* MotionView.h */ = {isa = PBXFileReference; fileEncoding = 4; lastKnownFileType = sourcecode.c.h; path = MotionView.h; sourceTree = "<group>"; };
		E6E12F621A39A6880063689B /* MotionView.m */ = {isa = PBXFileReference; fileEncoding = 4; lastKnownFileType = sourcecode.c.objc; path = MotionView.m; sourceTree = "<group>"; };
/* End PBXFileReference section */

/* Begin PBXFrameworksBuildPhase section */
		E6038F7B1A2CBC000063E1E3 /* Frameworks */ = {
			isa = PBXFrameworksBuildPhase;
			buildActionMask = 2147483647;
			files = (
				E65F6E641A3A0E36009351EB /* CoreMotion.framework in Frameworks */,
				E63C8AB61A2DDE0B00DA6B0E /* Foundation.framework in Frameworks */,
				B18722160A7F97D8C6B66BB8 /* libPods.a in Frameworks */,
			);
			runOnlyForDeploymentPostprocessing = 0;
		};
		E6038F941A2CBC000063E1E3 /* Frameworks */ = {
			isa = PBXFrameworksBuildPhase;
			buildActionMask = 2147483647;
			files = (
			);
			runOnlyForDeploymentPostprocessing = 0;
		};
/* End PBXFrameworksBuildPhase section */

/* Begin PBXGroup section */
		CC37A95ADDED06A3D4B8FEF1 /* Pods */ = {
			isa = PBXGroup;
			children = (
				9FD30FD92D99489B3D256EEB /* Pods.debug.xcconfig */,
				1F11BDFF79D0E54DE5A92D27 /* Pods.release.xcconfig */,
			);
			name = Pods;
			sourceTree = "<group>";
		};
		D158E044DD095E0ACAE5B753 /* Frameworks */ = {
			isa = PBXGroup;
			children = (
				E65F6E631A3A0E36009351EB /* CoreMotion.framework */,
				B3CCDF242B9E2F5556824302 /* libPods.a */,
			);
			name = Frameworks;
			sourceTree = "<group>";
		};
		E6038F751A2CBBFF0063E1E3 = {
			isa = PBXGroup;
			children = (
				E63C8AB51A2DDE0A00DA6B0E /* Foundation.framework */,
				E6038F801A2CBC000063E1E3 /* 1okuen_counter */,
				E6038F9A1A2CBC000063E1E3 /* 1okuen_counterTests */,
				E6038F7F1A2CBC000063E1E3 /* Products */,
				CC37A95ADDED06A3D4B8FEF1 /* Pods */,
				D158E044DD095E0ACAE5B753 /* Frameworks */,
			);
			sourceTree = "<group>";
		};
		E6038F7F1A2CBC000063E1E3 /* Products */ = {
			isa = PBXGroup;
			children = (
				E6038F7E1A2CBC000063E1E3 /* 1okuen_counter.app */,
				E6038F971A2CBC000063E1E3 /* 1okuen_counterTests.xctest */,
			);
			name = Products;
			sourceTree = "<group>";
		};
		E6038F801A2CBC000063E1E3 /* 1okuen_counter */ = {
			isa = PBXGroup;
			children = (
				E6038FA71A2CBFCB0063E1E3 /* controllers */,
				E6038F851A2CBC000063E1E3 /* AppDelegate.h */,
				E6038F861A2CBC000063E1E3 /* AppDelegate.m */,
				E6038FA81A2CBFE20063E1E3 /* viewControllers */,
				E6038F881A2CBC000063E1E3 /* CounterViewController.h */,
				E6E12F5E1A39A6410063689B /* MotionViewController.h */,
				E6E12F5F1A39A6410063689B /* MotionViewController.m */,
				E6038F891A2CBC000063E1E3 /* CounterViewController.m */,
				E65F6E651A3CA4BB009351EB /* WebResponseViewController.h */,
				E65F6E661A3CA4BB009351EB /* WebResponseViewController.m */,
				E6038FA91A2CBFF70063E1E3 /* views */,
				E6038F8B1A2CBC000063E1E3 /* Main.storyboard */,
				E6038F8E1A2CBC000063E1E3 /* Images.xcassets */,
				E6038F901A2CBC000063E1E3 /* LaunchScreen.xib */,
				E6038F811A2CBC000063E1E3 /* Supporting Files */,
			);
			path = 1okuen_counter;
			sourceTree = "<group>";
		};
		E6038F811A2CBC000063E1E3 /* Supporting Files */ = {
			isa = PBXGroup;
			children = (
				E6038F821A2CBC000063E1E3 /* Info.plist */,
				E6038F831A2CBC000063E1E3 /* main.m */,
			);
			name = "Supporting Files";
			sourceTree = "<group>";
		};
		E6038F9A1A2CBC000063E1E3 /* 1okuen_counterTests */ = {
			isa = PBXGroup;
			children = (
				E6038F9D1A2CBC000063E1E3 /* _okuen_counterTests.m */,
				E6038F9B1A2CBC000063E1E3 /* Supporting Files */,
			);
			path = 1okuen_counterTests;
			sourceTree = "<group>";
		};
		E6038F9B1A2CBC000063E1E3 /* Supporting Files */ = {
			isa = PBXGroup;
			children = (
				E6038F9C1A2CBC000063E1E3 /* Info.plist */,
			);
			name = "Supporting Files";
			sourceTree = "<group>";
		};
		E6038FA71A2CBFCB0063E1E3 /* controllers */ = {
			isa = PBXGroup;
			children = (
			);
			name = controllers;
			sourceTree = "<group>";
		};
		E6038FA81A2CBFE20063E1E3 /* viewControllers */ = {
			isa = PBXGroup;
			children = (
			);
			name = viewControllers;
			sourceTree = "<group>";
		};
		E6038FA91A2CBFF70063E1E3 /* views */ = {
			isa = PBXGroup;
			children = (
				E63C8AB21A2CC7D400DA6B0E /* CounterView.h */,
				E6E12F611A39A6880063689B /* MotionView.h */,
				E6E12F621A39A6880063689B /* MotionView.m */,
				E65F6E681A3CA586009351EB /* WebResponseView.h */,
				E65F6E691A3CA586009351EB /* WebResponseView.m */,
				E63C8AB31A2CC7D400DA6B0E /* CounterView.m */,
			);
			name = views;
			sourceTree = "<group>";
		};
/* End PBXGroup section */

/* Begin PBXNativeTarget section */
		E6038F7D1A2CBC000063E1E3 /* 1okuen_counter */ = {
			isa = PBXNativeTarget;
			buildConfigurationList = E6038FA11A2CBC000063E1E3 /* Build configuration list for PBXNativeTarget "1okuen_counter" */;
			buildPhases = (
				D36FE563EE9E4852EBC8A4FB /* Check Pods Manifest.lock */,
				E6038F7A1A2CBC000063E1E3 /* Sources */,
				E6038F7B1A2CBC000063E1E3 /* Frameworks */,
				E6038F7C1A2CBC000063E1E3 /* Resources */,
				89EBD3B5CA2133F472E923AE /* Copy Pods Resources */,
			);
			buildRules = (
			);
			dependencies = (
			);
			name = 1okuen_counter;
			productName = 1okuen_counter;
			productReference = E6038F7E1A2CBC000063E1E3 /* 1okuen_counter.app */;
			productType = "com.apple.product-type.application";
		};
		E6038F961A2CBC000063E1E3 /* 1okuen_counterTests */ = {
			isa = PBXNativeTarget;
			buildConfigurationList = E6038FA41A2CBC000063E1E3 /* Build configuration list for PBXNativeTarget "1okuen_counterTests" */;
			buildPhases = (
				E6038F931A2CBC000063E1E3 /* Sources */,
				E6038F941A2CBC000063E1E3 /* Frameworks */,
				E6038F951A2CBC000063E1E3 /* Resources */,
			);
			buildRules = (
			);
			dependencies = (
				E6038F991A2CBC000063E1E3 /* PBXTargetDependency */,
			);
			name = 1okuen_counterTests;
			productName = 1okuen_counterTests;
			productReference = E6038F971A2CBC000063E1E3 /* 1okuen_counterTests.xctest */;
			productType = "com.apple.product-type.bundle.unit-test";
		};
/* End PBXNativeTarget section */

/* Begin PBXProject section */
		E6038F761A2CBBFF0063E1E3 /* Project object */ = {
			isa = PBXProject;
			attributes = {
				LastUpgradeCheck = 0610;
				ORGANIZATIONNAME = "Hibiki Imai";
				TargetAttributes = {
					E6038F7D1A2CBC000063E1E3 = {
						CreatedOnToolsVersion = 6.1;
						SystemCapabilities = {
							com.apple.BackgroundModes = {
								enabled = 1;
							};
						};
					};
					E6038F961A2CBC000063E1E3 = {
						CreatedOnToolsVersion = 6.1;
						TestTargetID = E6038F7D1A2CBC000063E1E3;
					};
				};
			};
			buildConfigurationList = E6038F791A2CBC000063E1E3 /* Build configuration list for PBXProject "1okuen_counter" */;
			compatibilityVersion = "Xcode 3.2";
			developmentRegion = English;
			hasScannedForEncodings = 0;
			knownRegions = (
				en,
				Base,
			);
			mainGroup = E6038F751A2CBBFF0063E1E3;
			productRefGroup = E6038F7F1A2CBC000063E1E3 /* Products */;
			projectDirPath = "";
			projectRoot = "";
			targets = (
				E6038F7D1A2CBC000063E1E3 /* 1okuen_counter */,
				E6038F961A2CBC000063E1E3 /* 1okuen_counterTests */,
			);
		};
/* End PBXProject section */

/* Begin PBXResourcesBuildPhase section */
		E6038F7C1A2CBC000063E1E3 /* Resources */ = {
			isa = PBXResourcesBuildPhase;
			buildActionMask = 2147483647;
			files = (
				E6038F8D1A2CBC000063E1E3 /* Main.storyboard in Resources */,
				E6038F921A2CBC000063E1E3 /* LaunchScreen.xib in Resources */,
				E6038F8F1A2CBC000063E1E3 /* Images.xcassets in Resources */,
			);
			runOnlyForDeploymentPostprocessing = 0;
		};
		E6038F951A2CBC000063E1E3 /* Resources */ = {
			isa = PBXResourcesBuildPhase;
			buildActionMask = 2147483647;
			files = (
			);
			runOnlyForDeploymentPostprocessing = 0;
		};
/* End PBXResourcesBuildPhase section */

/* Begin PBXShellScriptBuildPhase section */
		89EBD3B5CA2133F472E923AE /* Copy Pods Resources */ = {
			isa = PBXShellScriptBuildPhase;
			buildActionMask = 2147483647;
			files = (
			);
			inputPaths = (
			);
			name = "Copy Pods Resources";
			outputPaths = (
			);
			runOnlyForDeploymentPostprocessing = 0;
			shellPath = /bin/sh;
			shellScript = "\"${SRCROOT}/Pods/Target Support Files/Pods/Pods-resources.sh\"\n";
			showEnvVarsInLog = 0;
		};
		D36FE563EE9E4852EBC8A4FB /* Check Pods Manifest.lock */ = {
			isa = PBXShellScriptBuildPhase;
			buildActionMask = 2147483647;
			files = (
			);
			inputPaths = (
			);
			name = "Check Pods Manifest.lock";
			outputPaths = (
			);
			runOnlyForDeploymentPostprocessing = 0;
			shellPath = /bin/sh;
			shellScript = "diff \"${PODS_ROOT}/../Podfile.lock\" \"${PODS_ROOT}/Manifest.lock\" > /dev/null\nif [[ $? != 0 ]] ; then\n    cat << EOM\nerror: The sandbox is not in sync with the Podfile.lock. Run 'pod install' or update your CocoaPods installation.\nEOM\n    exit 1\nfi\n";
			showEnvVarsInLog = 0;
		};
/* End PBXShellScriptBuildPhase section */

/* Begin PBXSourcesBuildPhase section */
		E6038F7A1A2CBC000063E1E3 /* Sources */ = {
			isa = PBXSourcesBuildPhase;
			buildActionMask = 2147483647;
			files = (
				E6E12F601A39A6410063689B /* MotionViewController.m in Sources */,
				E65F6E671A3CA4BB009351EB /* WebResponseViewController.m in Sources */,
				E6038F8A1A2CBC000063E1E3 /* CounterViewController.m in Sources */,
				E6038F871A2CBC000063E1E3 /* AppDelegate.m in Sources */,
				E6038F841A2CBC000063E1E3 /* main.m in Sources */,
				E65F6E6A1A3CA586009351EB /* WebResponseView.m in Sources */,
				E6E12F631A39A6880063689B /* MotionView.m in Sources */,
				E63C8AB41A2CC7D400DA6B0E /* CounterView.m in Sources */,
			);
			runOnlyForDeploymentPostprocessing = 0;
		};
		E6038F931A2CBC000063E1E3 /* Sources */ = {
			isa = PBXSourcesBuildPhase;
			buildActionMask = 2147483647;
			files = (
				E6038F9E1A2CBC000063E1E3 /* _okuen_counterTests.m in Sources */,
			);
			runOnlyForDeploymentPostprocessing = 0;
		};
/* End PBXSourcesBuildPhase section */

/* Begin PBXTargetDependency section */
		E6038F991A2CBC000063E1E3 /* PBXTargetDependency */ = {
			isa = PBXTargetDependency;
			target = E6038F7D1A2CBC000063E1E3 /* 1okuen_counter */;
			targetProxy = E6038F981A2CBC000063E1E3 /* PBXContainerItemProxy */;
		};
/* End PBXTargetDependency section */

/* Begin PBXVariantGroup section */
		E6038F8B1A2CBC000063E1E3 /* Main.storyboard */ = {
			isa = PBXVariantGroup;
			children = (
				E6038F8C1A2CBC000063E1E3 /* Base */,
			);
			name = Main.storyboard;
			sourceTree = "<group>";
		};
		E6038F901A2CBC000063E1E3 /* LaunchScreen.xib */ = {
			isa = PBXVariantGroup;
			children = (
				E6038F911A2CBC000063E1E3 /* Base */,
			);
			name = LaunchScreen.xib;
			sourceTree = "<group>";
		};
/* End PBXVariantGroup section */

/* Begin XCBuildConfiguration section */
		E6038F9F1A2CBC000063E1E3 /* Debug */ = {
			isa = XCBuildConfiguration;
			buildSettings = {
				ALWAYS_SEARCH_USER_PATHS = NO;
				CLANG_CXX_LANGUAGE_STANDARD = "gnu++0x";
				CLANG_CXX_LIBRARY = "libc++";
				CLANG_ENABLE_MODULES = YES;
				CLANG_ENABLE_OBJC_ARC = YES;
				CLANG_WARN_BOOL_CONVERSION = YES;
				CLANG_WARN_CONSTANT_CONVERSION = YES;
				CLANG_WARN_DIRECT_OBJC_ISA_USAGE = YES_ERROR;
				CLANG_WARN_EMPTY_BODY = YES;
				CLANG_WARN_ENUM_CONVERSION = YES;
				CLANG_WARN_INT_CONVERSION = YES;
				CLANG_WARN_OBJC_ROOT_CLASS = YES_ERROR;
				CLANG_WARN_UNREACHABLE_CODE = YES;
				CLANG_WARN__DUPLICATE_METHOD_MATCH = YES;
				"CODE_SIGN_IDENTITY[sdk=iphoneos*]" = "iPhone Developer";
				COPY_PHASE_STRIP = NO;
				ENABLE_STRICT_OBJC_MSGSEND = YES;
				GCC_C_LANGUAGE_STANDARD = gnu99;
				GCC_DYNAMIC_NO_PIC = NO;
				GCC_OPTIMIZATION_LEVEL = 0;
				GCC_PREPROCESSOR_DEFINITIONS = (
					"DEBUG=1",
					"$(inherited)",
				);
				GCC_SYMBOLS_PRIVATE_EXTERN = NO;
				GCC_WARN_64_TO_32_BIT_CONVERSION = YES;
				GCC_WARN_ABOUT_RETURN_TYPE = YES_ERROR;
				GCC_WARN_UNDECLARED_SELECTOR = YES;
				GCC_WARN_UNINITIALIZED_AUTOS = YES_AGGRESSIVE;
				GCC_WARN_UNUSED_FUNCTION = YES;
				GCC_WARN_UNUSED_VARIABLE = YES;
				IPHONEOS_DEPLOYMENT_TARGET = 8.1;
				MTL_ENABLE_DEBUG_INFO = YES;
				ONLY_ACTIVE_ARCH = YES;
				SDKROOT = iphoneos;
			};
			name = Debug;
		};
		E6038FA01A2CBC000063E1E3 /* Release */ = {
			isa = XCBuildConfiguration;
			buildSettings = {
				ALWAYS_SEARCH_USER_PATHS = NO;
				CLANG_CXX_LANGUAGE_STANDARD = "gnu++0x";
				CLANG_CXX_LIBRARY = "libc++";
				CLANG_ENABLE_MODULES = YES;
				CLANG_ENABLE_OBJC_ARC = YES;
				CLANG_WARN_BOOL_CONVERSION = YES;
				CLANG_WARN_CONSTANT_CONVERSION = YES;
				CLANG_WARN_DIRECT_OBJC_ISA_USAGE = YES_ERROR;
				CLANG_WARN_EMPTY_BODY = YES;
				CLANG_WARN_ENUM_CONVERSION = YES;
				CLANG_WARN_INT_CONVERSION = YES;
				CLANG_WARN_OBJC_ROOT_CLASS = YES_ERROR;
				CLANG_WARN_UNREACHABLE_CODE = YES;
				CLANG_WARN__DUPLICATE_METHOD_MATCH = YES;
				"CODE_SIGN_IDENTITY[sdk=iphoneos*]" = "iPhone Developer";
				COPY_PHASE_STRIP = YES;
				ENABLE_NS_ASSERTIONS = NO;
				ENABLE_STRICT_OBJC_MSGSEND = YES;
				GCC_C_LANGUAGE_STANDARD = gnu99;
				GCC_WARN_64_TO_32_BIT_CONVERSION = YES;
				GCC_WARN_ABOUT_RETURN_TYPE = YES_ERROR;
				GCC_WARN_UNDECLARED_SELECTOR = YES;
				GCC_WARN_UNINITIALIZED_AUTOS = YES_AGGRESSIVE;
				GCC_WARN_UNUSED_FUNCTION = YES;
				GCC_WARN_UNUSED_VARIABLE = YES;
				IPHONEOS_DEPLOYMENT_TARGET = 8.1;
				MTL_ENABLE_DEBUG_INFO = NO;
				SDKROOT = iphoneos;
				VALIDATE_PRODUCT = YES;
			};
			name = Release;
		};
		E6038FA21A2CBC000063E1E3 /* Debug */ = {
			isa = XCBuildConfiguration;
			baseConfigurationReference = 9FD30FD92D99489B3D256EEB /* Pods.debug.xcconfig */;
			buildSettings = {
				ASSETCATALOG_COMPILER_APPICON_NAME = AppIcon;
				INFOPLIST_FILE = 1okuen_counter/Info.plist;
				LD_RUNPATH_SEARCH_PATHS = "$(inherited) @executable_path/Frameworks";
				PRODUCT_NAME = "$(TARGET_NAME)";
			};
			name = Debug;
		};
		E6038FA31A2CBC000063E1E3 /* Release */ = {
			isa = XCBuildConfiguration;
			baseConfigurationReference = 1F11BDFF79D0E54DE5A92D27 /* Pods.release.xcconfig */;
			buildSettings = {
				ASSETCATALOG_COMPILER_APPICON_NAME = AppIcon;
				INFOPLIST_FILE = 1okuen_counter/Info.plist;
				LD_RUNPATH_SEARCH_PATHS = "$(inherited) @executable_path/Frameworks";
				PRODUCT_NAME = "$(TARGET_NAME)";
			};
			name = Release;
		};
		E6038FA51A2CBC000063E1E3 /* Debug */ = {
			isa = XCBuildConfiguration;
			buildSettings = {
				BUNDLE_LOADER = "$(TEST_HOST)";
				FRAMEWORK_SEARCH_PATHS = (
					"$(SDKROOT)/Developer/Library/Frameworks",
					"$(inherited)",
				);
				GCC_PREPROCESSOR_DEFINITIONS = (
					"DEBUG=1",
					"$(inherited)",
				);
				INFOPLIST_FILE = 1okuen_counterTests/Info.plist;
				LD_RUNPATH_SEARCH_PATHS = "$(inherited) @executable_path/Frameworks @loader_path/Frameworks";
				PRODUCT_NAME = "$(TARGET_NAME)";
				TEST_HOST = "$(BUILT_PRODUCTS_DIR)/1okuen_counter.app/1okuen_counter";
			};
			name = Debug;
		};
		E6038FA61A2CBC000063E1E3 /* Release */ = {
			isa = XCBuildConfiguration;
			buildSettings = {
				BUNDLE_LOADER = "$(TEST_HOST)";
				FRAMEWORK_SEARCH_PATHS = (
					"$(SDKROOT)/Developer/Library/Frameworks",
					"$(inherited)",
				);
				INFOPLIST_FILE = 1okuen_counterTests/Info.plist;
				LD_RUNPATH_SEARCH_PATHS = "$(inherited) @executable_path/Frameworks @loader_path/Frameworks";
				PRODUCT_NAME = "$(TARGET_NAME)";
				TEST_HOST = "$(BUILT_PRODUCTS_DIR)/1okuen_counter.app/1okuen_counter";
			};
			name = Release;
		};
/* End XCBuildConfiguration section */

/* Begin XCConfigurationList section */
		E6038F791A2CBC000063E1E3 /* Build configuration list for PBXProject "1okuen_counter" */ = {
			isa = XCConfigurationList;
			buildConfigurations = (
				E6038F9F1A2CBC000063E1E3 /* Debug */,
				E6038FA01A2CBC000063E1E3 /* Release */,
			);
			defaultConfigurationIsVisible = 0;
			defaultConfigurationName = Release;
		};
		E6038FA11A2CBC000063E1E3 /* Build configuration list for PBXNativeTarget "1okuen_counter" */ = {
			isa = XCConfigurationList;
			buildConfigurations = (
				E6038FA21A2CBC000063E1E3 /* Debug */,
				E6038FA31A2CBC000063E1E3 /* Release */,
			);
			defaultConfigurationIsVisible = 0;
			defaultConfigurationName = Release;
		};
		E6038FA41A2CBC000063E1E3 /* Build configuration list for PBXNativeTarget "1okuen_counterTests" */ = {
			isa = XCConfigurationList;
			buildConfigurations = (
				E6038FA51A2CBC000063E1E3 /* Debug */,
				E6038FA61A2CBC000063E1E3 /* Release */,
			);
			defaultConfigurationIsVisible = 0;
			defaultConfigurationName = Release;
		};
/* End XCConfigurationList section */
	};
	rootObject = E6038F761A2CBBFF0063E1E3 /* Project object */;
}
